<?xml version="1.0" encoding="UTF-8" standalone="yes" ?>
<CodeBlocks_project_file>
	<FileVersion major="1" minor="6" />
	<Project>
		<Option title="Chess_Engine" />
		<Option pch_mode="2" />
		<Option compiler="gcc" />
		<Build>
			<Target title="Debug">
				<Option output="bin/Debug/Chess_Engine" prefix_auto="1" extension_auto="1" />
				<Option object_output="obj/Debug/" />
				<Option type="1" />
				<Option compiler="gcc" />
				<Compiler>
					<Add option="-g" />
				</Compiler>
			</Target>
			<Target title="Release">
				<Option output="bin/Release/Chess_Engine" prefix_auto="1" extension_auto="1" />
				<Option object_output="obj/Release/" />
				<Option type="1" />
				<Option compiler="gcc" />
				<Compiler>
					<Add option="-O2" />
				</Compiler>
				<Linker>
					<Add option="-s" />
				</Linker>
			</Target>
			<Target title="Test">
				<Option output="bin/Test/Chess_Engine" prefix_auto="1" extension_auto="1" />
				<Option object_output="obj/Test/" />
				<Option type="1" />
				<Option compiler="gcc" />
				<Compiler>
					<Add option="-g" />
				</Compiler>
			</Target>
		</Build>
		<Compiler>
			<Add option="-Wall" />
			<Add option="-Wextra" />
			<Add option="-Wpedantic" />
			<Add option="-Wshadow" />
			<Add option="-Wnon-virtual-dtor" />
			<Add option="-Woverloaded-virtual" />
			<Add option="-Wold-style-cast" />
			<Add option="-Wcast-qual" />
			<Add option="-Wcast-align" />
			<Add option="-Wuseless-cast" />
			<Add option="-Wconversion" />
			<Add option="-Wsign-conversion" />
			<Add option="-Wunused" />
			<Add option="-Wnull-dereference" />
			<Add option="-Wdouble-promotion" />
			<Add option="-Wformat=2" />
			<Add option="-Wimplicit-fallthrough" />
			<Add option="-Wduplicated-cond" />
			<Add option="-Wduplicated-branches" />
			<Add option="-Wlogical-op" />
			<Add option="-Wmisleading-indentation" />
			<Add option="-Wredundant-decls" />
			<Add option="-fexceptions" />
		</Compiler>
		<Unit filename="Bitwise_Logic.cpp" />
		<Unit filename="Bitwise_Logic.h" />
		<Unit filename="Board.cpp" />
		<Unit filename="Board.h" />
		<Unit filename="Constants.h" />
		<Unit filename="Move_Generator.cpp" />
		<Unit filename="Move_Generator.h" />
		<Unit filename="Piece.cpp" />
		<Unit filename="Piece.h" />
		<Unit filename="Test.cpp">
			<Option target="Test" />
		</Unit>
		<Unit filename="main.cpp">
			<Option target="Debug" />
			<Option target="Release" />
		</Unit>
		<Unit filename="output.cpp" />
		<Unit filename="output.h" />
		<Extensions />
	</Project>
</CodeBlocks_project_file>
